// !$*UTF8*$!
{
	archiveVersion = 1;
	classes = {
	};
	objectVersion = 77;
	objects = {

/* Begin PBXBuildFile section */
		776304E52DA23348005237A5 /* WhatsappClone_Settings.framework in Frameworks */ = {isa = PBXBuildFile; fileRef = 776304DA2DA23348005237A5 /* WhatsappClone_Settings.framework */; };
		776304F82DA2337E005237A5 /* Assets.xcassets in Resources */ = {isa = PBXBuildFile; fileRef = 776304F72DA2337E005237A5 /* Assets.xcassets */; };
		776304FF2DA23515005237A5 /* WhatsappClone_Settings.h in Headers */ = {isa = PBXBuildFile; fileRef = 776304FC2DA23515005237A5 /* WhatsappClone_Settings.h */; };
		776305002DA23515005237A5 /* WhatsappClone_Settings.docc in Sources */ = {isa = PBXBuildFile; fileRef = 776304FD2DA23515005237A5 /* WhatsappClone_Settings.docc */; };
		776305012DA23515005237A5 /* SettingView.swift in Sources */ = {isa = PBXBuildFile; fileRef = 776304FB2DA23515005237A5 /* SettingView.swift */; };
/* End PBXBuildFile section */

/* Begin PBXContainerItemProxy section */
		776304E62DA23348005237A5 /* PBXContainerItemProxy */ = {
			isa = PBXContainerItemProxy;
			containerPortal = 776304D12DA23348005237A5 /* Project object */;
			proxyType = 1;
			remoteGlobalIDString = 776304D92DA23348005237A5;
			remoteInfo = WhatsappClone_Settings;
		};
/* End PBXContainerItemProxy section */

/* Begin PBXFileReference section */
		776304DA2DA23348005237A5 /* WhatsappClone_Settings.framework */ = {isa = PBXFileReference; explicitFileType = wrapper.framework; includeInIndex = 0; path = WhatsappClone_Settings.framework; sourceTree = BUILT_PRODUCTS_DIR; };
		776304E42DA23348005237A5 /* WhatsappClone_SettingsTests.xctest */ = {isa = PBXFileReference; explicitFileType = wrapper.cfbundle; includeInIndex = 0; path = WhatsappClone_SettingsTests.xctest; sourceTree = BUILT_PRODUCTS_DIR; };
		776304F72DA2337E005237A5 /* Assets.xcassets */ = {isa = PBXFileReference; lastKnownFileType = folder.assetcatalog; path = Assets.xcassets; sourceTree = "<group>"; };
		776304FB2DA23515005237A5 /* SettingView.swift */ = {isa = PBXFileReference; lastKnownFileType = sourcecode.swift; path = SettingView.swift; sourceTree = "<group>"; };
		776304FC2DA23515005237A5 /* WhatsappClone_Settings.h */ = {isa = PBXFileReference; lastKnownFileType = sourcecode.c.h; path = WhatsappClone_Settings.h; sourceTree = "<group>"; };
		776304FD2DA23515005237A5 /* WhatsappClone_Settings.docc */ = {isa = PBXFileReference; lastKnownFileType = folder.documentationcatalog; path = WhatsappClone_Settings.docc; sourceTree = "<group>"; };
/* End PBXFileReference section */

/* Begin PBXFileSystemSynchronizedRootGroup section */
		776304E82DA23348005237A5 /* WhatsappClone_SettingsTests */ = {
			isa = PBXFileSystemSynchronizedRootGroup;
			path = WhatsappClone_SettingsTests;
			sourceTree = "<group>";
		};
/* End PBXFileSystemSynchronizedRootGroup section */

/* Begin PBXFrameworksBuildPhase section */
		776304D72DA23348005237A5 /* Frameworks */ = {
			isa = PBXFrameworksBuildPhase;
			buildActionMask = 2147483647;
			files = (
			);
			runOnlyForDeploymentPostprocessing = 0;
		};
		776304E12DA23348005237A5 /* Frameworks */ = {
			isa = PBXFrameworksBuildPhase;
			buildActionMask = 2147483647;
			files = (
				776304E52DA23348005237A5 /* WhatsappClone_Settings.framework in Frameworks */,
			);
			runOnlyForDeploymentPostprocessing = 0;
		};
/* End PBXFrameworksBuildPhase section */

/* Begin PBXGroup section */
		776304D02DA23348005237A5 = {
			isa = PBXGroup;
			children = (
				776304F72DA2337E005237A5 /* Assets.xcassets */,
				776304E82DA23348005237A5 /* WhatsappClone_SettingsTests */,
				776304DB2DA23348005237A5 /* Products */,
				776304FE2DA23515005237A5 /* WhatsappClone_Settings */,
			);
			sourceTree = "<group>";
		};
		776304DB2DA23348005237A5 /* Products */ = {
			isa = PBXGroup;
			children = (
				776304DA2DA23348005237A5 /* WhatsappClone_Settings.framework */,
				776304E42DA23348005237A5 /* WhatsappClone_SettingsTests.xctest */,
			);
			name = Products;
			sourceTree = "<group>";
		};
		776304FE2DA23515005237A5 /* WhatsappClone_Settings */ = {
			isa = PBXGroup;
			children = (
				776304FB2DA23515005237A5 /* SettingView.swift */,
				776304FC2DA23515005237A5 /* WhatsappClone_Settings.h */,
				776304FD2DA23515005237A5 /* WhatsappClone_Settings.docc */,
			);
			name = WhatsappClone_Settings;
			path = Sources/WhatsappClone_Settings;
			sourceTree = "<group>";
		};
/* End PBXGroup section */

/* Begin PBXHeadersBuildPhase section */
		776304D52DA23348005237A5 /* Headers */ = {
			isa = PBXHeadersBuildPhase;
			buildActionMask = 2147483647;
			files = (
				776304FF2DA23515005237A5 /* WhatsappClone_Settings.h in Headers */,
			);
			runOnlyForDeploymentPostprocessing = 0;
		};
/* End PBXHeadersBuildPhase section */

/* Begin PBXNativeTarget section */
		776304D92DA23348005237A5 /* WhatsappClone_Settings */ = {
			isa = PBXNativeTarget;
			buildConfigurationList = 776304ED2DA23348005237A5 /* Build configuration list for PBXNativeTarget "WhatsappClone_Settings" */;
			buildPhases = (
				776304D52DA23348005237A5 /* Headers */,
				776304D62DA23348005237A5 /* Sources */,
				776304D72DA23348005237A5 /* Frameworks */,
				776304D82DA23348005237A5 /* Resources */,
			);
			buildRules = (
			);
			dependencies = (
			);
			name = WhatsappClone_Settings;
			packageProductDependencies = (
			);
			productName = WhatsappClone_Settings;
			productReference = 776304DA2DA23348005237A5 /* WhatsappClone_Settings.framework */;
			productType = "com.apple.product-type.framework";
		};
		776304E32DA23348005237A5 /* WhatsappClone_SettingsTests */ = {
			isa = PBXNativeTarget;
			buildConfigurationList = 776304F22DA23348005237A5 /* Build configuration list for PBXNativeTarget "WhatsappClone_SettingsTests" */;
			buildPhases = (
				776304E02DA23348005237A5 /* Sources */,
				776304E12DA23348005237A5 /* Frameworks */,
				776304E22DA23348005237A5 /* Resources */,
			);
			buildRules = (
			);
			dependencies = (
				776304E72DA23348005237A5 /* PBXTargetDependency */,
			);
			fileSystemSynchronizedGroups = (
				776304E82DA23348005237A5 /* WhatsappClone_SettingsTests */,
			);
			name = WhatsappClone_SettingsTests;
			packageProductDependencies = (
			);
			productName = WhatsappClone_SettingsTests;
			productReference = 776304E42DA23348005237A5 /* WhatsappClone_SettingsTests.xctest */;
			productType = "com.apple.product-type.bundle.unit-test";
		};
/* End PBXNativeTarget section */

/* Begin PBXProject section */
		776304D12DA23348005237A5 /* Project object */ = {
			isa = PBXProject;
			attributes = {
				BuildIndependentTargetsInParallel = 1;
				LastSwiftUpdateCheck = 1620;
				LastUpgradeCheck = 1620;
				TargetAttributes = {
					776304D92DA23348005237A5 = {
						CreatedOnToolsVersion = 16.2;
					};
					776304E32DA23348005237A5 = {
						CreatedOnToolsVersion = 16.2;
					};
				};
			};
			buildConfigurationList = 776304D42DA23348005237A5 /* Build configuration list for PBXProject "WhatsappClone_Settings" */;
			developmentRegion = en;
			hasScannedForEncodings = 0;
			knownRegions = (
				en,
				Base,
			);
			mainGroup = 776304D02DA23348005237A5;
			minimizedProjectReferenceProxies = 1;
			preferredProjectObjectVersion = 77;
			productRefGroup = 776304DB2DA23348005237A5 /* Products */;
			projectDirPath = "";
			projectRoot = "";
			targets = (
				776304D92DA23348005237A5 /* WhatsappClone_Settings */,
				776304E32DA23348005237A5 /* WhatsappClone_SettingsTests */,
			);
		};
/* End PBXProject section */

/* Begin PBXResourcesBuildPhase section */
		776304D82DA23348005237A5 /* Resources */ = {
			isa = PBXResourcesBuildPhase;
			buildActionMask = 2147483647;
			files = (
				776304F82DA2337E005237A5 /* Assets.xcassets in Resources */,
			);
			runOnlyForDeploymentPostprocessing = 0;
		};
		776304E22DA23348005237A5 /* Resources */ = {
			isa = PBXResourcesBuildPhase;
			buildActionMask = 2147483647;
			files = (
			);
			runOnlyForDeploymentPostprocessing = 0;
		};
/* End PBXResourcesBuildPhase section */

/* Begin PBXSourcesBuildPhase section */
		776304D62DA23348005237A5 /* Sources */ = {
			isa = PBXSourcesBuildPhase;
			buildActionMask = 2147483647;
			files = (
				776305002DA23515005237A5 /* WhatsappClone_Settings.docc in Sources */,
				776305012DA23515005237A5 /* SettingView.swift in Sources */,
			);
			runOnlyForDeploymentPostprocessing = 0;
		};
		776304E02DA23348005237A5 /* Sources */ = {
			isa = PBXSourcesBuildPhase;
			buildActionMask = 2147483647;
			files = (
			);
			runOnlyForDeploymentPostprocessing = 0;
		};
/* End PBXSourcesBuildPhase section */

/* Begin PBXTargetDependency section */
		776304E72DA23348005237A5 /* PBXTargetDependency */ = {
			isa = PBXTargetDependency;
			target = 776304D92DA23348005237A5 /* WhatsappClone_Settings */;
			targetProxy = 776304E62DA23348005237A5 /* PBXContainerItemProxy */;
		};
/* End PBXTargetDependency section */

/* Begin XCBuildConfiguration section */
		776304EE2DA23348005237A5 /* Debug */ = {
			isa = XCBuildConfiguration;
			buildSettings = {
				BUILD_LIBRARY_FOR_DISTRIBUTION = YES;
				CODE_SIGN_STYLE = Automatic;
				CURRENT_PROJECT_VERSION = 1;
				DEFINES_MODULE = YES;
				DEVELOPMENT_TEAM = M7NB3P64RD;
				DYLIB_COMPATIBILITY_VERSION = 1;
				DYLIB_CURRENT_VERSION = 1;
				DYLIB_INSTALL_NAME_BASE = "@rpath";
				ENABLE_MODULE_VERIFIER = YES;
				GENERATE_INFOPLIST_FILE = YES;
				INFOPLIST_KEY_NSHumanReadableCopyright = "";
				INSTALL_PATH = "$(LOCAL_LIBRARY_DIR)/Frameworks";
				LD_RUNPATH_SEARCH_PATHS = (
					"$(inherited)",
					"@executable_path/Frameworks",
					"@loader_path/Frameworks",
				);
				MARKETING_VERSION = 1.0;
				MODULE_VERIFIER_SUPPORTED_LANGUAGES = "objective-c objective-c++";
				MODULE_VERIFIER_SUPPORTED_LANGUAGE_STANDARDS = "gnu17 gnu++20";
				PRODUCT_BUNDLE_IDENTIFIER = "kumar.praveen.com.WhatsappClone-Settings";
				PRODUCT_NAME = "$(TARGET_NAME:c99extidentifier)";
				SKIP_INSTALL = YES;
				SWIFT_EMIT_LOC_STRINGS = YES;
				SWIFT_INSTALL_OBJC_HEADER = NO;
				SWIFT_VERSION = 5.0;
				TARGETED_DEVICE_FAMILY = "1,2";
			};
			name = Debug;
		};
		776304EF2DA23348005237A5 /* Release */ = {
			isa = XCBuildConfiguration;
			buildSettings = {
				BUILD_LIBRARY_FOR_DISTRIBUTION = YES;
				CODE_SIGN_STYLE = Automatic;
				CURRENT_PROJECT_VERSION = 1;
				DEFINES_MODULE = YES;
				DEVELOPMENT_TEAM = M7NB3P64RD;
				DYLIB_COMPATIBILITY_VERSION = 1;
				DYLIB_CURRENT_VERSION = 1;
				DYLIB_INSTALL_NAME_BASE = "@rpath";
				ENABLE_MODULE_VERIFIER = YES;
				GENERATE_INFOPLIST_FILE = YES;
				INFOPLIST_KEY_NSHumanReadableCopyright = "";
				INSTALL_PATH = "$(LOCAL_LIBRARY_DIR)/Frameworks";
				LD_RUNPATH_SEARCH_PATHS = (
					"$(inherited)",
					"@executable_path/Frameworks",
					"@loader_path/Frameworks",
				);
				MARKETING_VERSION = 1.0;
				MODULE_VERIFIER_SUPPORTED_LANGUAGES = "objective-c objective-c++";
				MODULE_VERIFIER_SUPPORTED_LANGUAGE_STANDARDS = "gnu17 gnu++20";
				PRODUCT_BUNDLE_IDENTIFIER = "kumar.praveen.com.WhatsappClone-Settings";
				PRODUCT_NAME = "$(TARGET_NAME:c99extidentifier)";
				SKIP_INSTALL = YES;
				SWIFT_EMIT_LOC_STRINGS = YES;
				SWIFT_INSTALL_OBJC_HEADER = NO;
				SWIFT_VERSION = 5.0;
				TARGETED_DEVICE_FAMILY = "1,2";
			};
			name = Release;
		};
		776304F02DA23348005237A5 /* Debug */ = {
			isa = XCBuildConfiguration;
			buildSettings = {
				ALWAYS_SEARCH_USER_PATHS = NO;
				ASSETCATALOG_COMPILER_GENERATE_SWIFT_ASSET_SYMBOL_EXTENSIONS = YES;
				CLANG_ANALYZER_NONNULL = YES;
				CLANG_ANALYZER_NUMBER_OBJECT_CONVERSION = YES_AGGRESSIVE;
				CLANG_CXX_LANGUAGE_STANDARD = "gnu++20";
				CLANG_ENABLE_MODULES = YES;
				CLANG_ENABLE_OBJC_ARC = YES;
				CLANG_ENABLE_OBJC_WEAK = YES;
				CLANG_WARN_BLOCK_CAPTURE_AUTORELEASING = YES;
				CLANG_WARN_BOOL_CONVERSION = YES;
				CLANG_WARN_COMMA = YES;
				CLANG_WARN_CONSTANT_CONVERSION = YES;
				CLANG_WARN_DEPRECATED_OBJC_IMPLEMENTATIONS = YES;
				CLANG_WARN_DIRECT_OBJC_ISA_USAGE = YES_ERROR;
				CLANG_WARN_DOCUMENTATION_COMMENTS = YES;
				CLANG_WARN_EMPTY_BODY = YES;
				CLANG_WARN_ENUM_CONVERSION = YES;
				CLANG_WARN_INFINITE_RECURSION = YES;
				CLANG_WARN_INT_CONVERSION = YES;
				CLANG_WARN_NON_LITERAL_NULL_CONVERSION = YES;
				CLANG_WARN_OBJC_IMPLICIT_RETAIN_SELF = YES;
				CLANG_WARN_OBJC_LITERAL_CONVERSION = YES;
				CLANG_WARN_OBJC_ROOT_CLASS = YES_ERROR;
				CLANG_WARN_QUOTED_INCLUDE_IN_FRAMEWORK_HEADER = YES;
				CLANG_WARN_RANGE_LOOP_ANALYSIS = YES;
				CLANG_WARN_STRICT_PROTOTYPES = YES;
				CLANG_WARN_SUSPICIOUS_MOVE = YES;
				CLANG_WARN_UNGUARDED_AVAILABILITY = YES_AGGRESSIVE;
				CLANG_WARN_UNREACHABLE_CODE = YES;
				CLANG_WARN__DUPLICATE_METHOD_MATCH = YES;
				COPY_PHASE_STRIP = NO;
				CURRENT_PROJECT_VERSION = 1;
				DEBUG_INFORMATION_FORMAT = dwarf;
				ENABLE_STRICT_OBJC_MSGSEND = YES;
				ENABLE_TESTABILITY = YES;
				ENABLE_USER_SCRIPT_SANDBOXING = YES;
				GCC_C_LANGUAGE_STANDARD = gnu17;
				GCC_DYNAMIC_NO_PIC = NO;
				GCC_NO_COMMON_BLOCKS = YES;
				GCC_OPTIMIZATION_LEVEL = 0;
				GCC_PREPROCESSOR_DEFINITIONS = (
					"DEBUG=1",
					"$(inherited)",
				);
				GCC_WARN_64_TO_32_BIT_CONVERSION = YES;
				GCC_WARN_ABOUT_RETURN_TYPE = YES_ERROR;
				GCC_WARN_UNDECLARED_SELECTOR = YES;
				GCC_WARN_UNINITIALIZED_AUTOS = YES_AGGRESSIVE;
				GCC_WARN_UNUSED_FUNCTION = YES;
				GCC_WARN_UNUSED_VARIABLE = YES;
				IPHONEOS_DEPLOYMENT_TARGET = 18.2;
				LOCALIZATION_PREFERS_STRING_CATALOGS = YES;
				MTL_ENABLE_DEBUG_INFO = INCLUDE_SOURCE;
				MTL_FAST_MATH = YES;
				ONLY_ACTIVE_ARCH = YES;
				SDKROOT = iphoneos;
				SWIFT_ACTIVE_COMPILATION_CONDITIONS = "DEBUG $(inherited)";
				SWIFT_OPTIMIZATION_LEVEL = "-Onone";
				VERSIONING_SYSTEM = "apple-generic";
				VERSION_INFO_PREFIX = "";
			};
			name = Debug;
		};
		776304F12DA23348005237A5 /* Release */ = {
			isa = XCBuildConfiguration;
			buildSettings = {
				ALWAYS_SEARCH_USER_PATHS = NO;
				ASSETCATALOG_COMPILER_GENERATE_SWIFT_ASSET_SYMBOL_EXTENSIONS = YES;
				CLANG_ANALYZER_NONNULL = YES;
				CLANG_ANALYZER_NUMBER_OBJECT_CONVERSION = YES_AGGRESSIVE;
				CLANG_CXX_LANGUAGE_STANDARD = "gnu++20";
				CLANG_ENABLE_MODULES = YES;
				CLANG_ENABLE_OBJC_ARC = YES;
				CLANG_ENABLE_OBJC_WEAK = YES;
				CLANG_WARN_BLOCK_CAPTURE_AUTORELEASING = YES;
				CLANG_WARN_BOOL_CONVERSION = YES;
				CLANG_WARN_COMMA = YES;
				CLANG_WARN_CONSTANT_CONVERSION = YES;
				CLANG_WARN_DEPRECATED_OBJC_IMPLEMENTATIONS = YES;
				CLANG_WARN_DIRECT_OBJC_ISA_USAGE = YES_ERROR;
				CLANG_WARN_DOCUMENTATION_COMMENTS = YES;
				CLANG_WARN_EMPTY_BODY = YES;
				CLANG_WARN_ENUM_CONVERSION = YES;
				CLANG_WARN_INFINITE_RECURSION = YES;
				CLANG_WARN_INT_CONVERSION = YES;
				CLANG_WARN_NON_LITERAL_NULL_CONVERSION = YES;
				CLANG_WARN_OBJC_IMPLICIT_RETAIN_SELF = YES;
				CLANG_WARN_OBJC_LITERAL_CONVERSION = YES;
				CLANG_WARN_OBJC_ROOT_CLASS = YES_ERROR;
				CLANG_WARN_QUOTED_INCLUDE_IN_FRAMEWORK_HEADER = YES;
				CLANG_WARN_RANGE_LOOP_ANALYSIS = YES;
				CLANG_WARN_STRICT_PROTOTYPES = YES;
				CLANG_WARN_SUSPICIOUS_MOVE = YES;
				CLANG_WARN_UNGUARDED_AVAILABILITY = YES_AGGRESSIVE;
				CLANG_WARN_UNREACHABLE_CODE = YES;
				CLANG_WARN__DUPLICATE_METHOD_MATCH = YES;
				COPY_PHASE_STRIP = NO;
				CURRENT_PROJECT_VERSION = 1;
				DEBUG_INFORMATION_FORMAT = "dwarf-with-dsym";
				ENABLE_NS_ASSERTIONS = NO;
				ENABLE_STRICT_OBJC_MSGSEND = YES;
				ENABLE_USER_SCRIPT_SANDBOXING = YES;
				GCC_C_LANGUAGE_STANDARD = gnu17;
				GCC_NO_COMMON_BLOCKS = YES;
				GCC_WARN_64_TO_32_BIT_CONVERSION = YES;
				GCC_WARN_ABOUT_RETURN_TYPE = YES_ERROR;
				GCC_WARN_UNDECLARED_SELECTOR = YES;
				GCC_WARN_UNINITIALIZED_AUTOS = YES_AGGRESSIVE;
				GCC_WARN_UNUSED_FUNCTION = YES;
				GCC_WARN_UNUSED_VARIABLE = YES;
				IPHONEOS_DEPLOYMENT_TARGET = 18.2;
				LOCALIZATION_PREFERS_STRING_CATALOGS = YES;
				MTL_ENABLE_DEBUG_INFO = NO;
				MTL_FAST_MATH = YES;
				SDKROOT = iphoneos;
				SWIFT_COMPILATION_MODE = wholemodule;
				VALIDATE_PRODUCT = YES;
				VERSIONING_SYSTEM = "apple-generic";
				VERSION_INFO_PREFIX = "";
			};
			name = Release;
		};
		776304F32DA23348005237A5 /* Debug */ = {
			isa = XCBuildConfiguration;
			buildSettings = {
				CODE_SIGN_STYLE = Automatic;
				CURRENT_PROJECT_VERSION = 1;
				DEVELOPMENT_TEAM = M7NB3P64RD;
				GENERATE_INFOPLIST_FILE = YES;
				MARKETING_VERSION = 1.0;
				PRODUCT_BUNDLE_IDENTIFIER = "kumar.praveen.com.WhatsappClone-SettingsTests";
				PRODUCT_NAME = "$(TARGET_NAME)";
				SWIFT_EMIT_LOC_STRINGS = NO;
				SWIFT_VERSION = 5.0;
				TARGETED_DEVICE_FAMILY = "1,2";
			};
			name = Debug;
		};
		776304F42DA23348005237A5 /* Release */ = {
			isa = XCBuildConfiguration;
			buildSettings = {
				CODE_SIGN_STYLE = Automatic;
				CURRENT_PROJECT_VERSION = 1;
				DEVELOPMENT_TEAM = M7NB3P64RD;
				GENERATE_INFOPLIST_FILE = YES;
				MARKETING_VERSION = 1.0;
				PRODUCT_BUNDLE_IDENTIFIER = "kumar.praveen.com.WhatsappClone-SettingsTests";
				PRODUCT_NAME = "$(TARGET_NAME)";
				SWIFT_EMIT_LOC_STRINGS = NO;
				SWIFT_VERSION = 5.0;
				TARGETED_DEVICE_FAMILY = "1,2";
			};
			name = Release;
		};
/* End XCBuildConfiguration section */

/* Begin XCConfigurationList section */
		776304D42DA23348005237A5 /* Build configuration list for PBXProject "WhatsappClone_Settings" */ = {
			isa = XCConfigurationList;
			buildConfigurations = (
				776304F02DA23348005237A5 /* Debug */,
				776304F12DA23348005237A5 /* Release */,
			);
			defaultConfigurationIsVisible = 0;
			defaultConfigurationName = Release;
		};
		776304ED2DA23348005237A5 /* Build configuration list for PBXNativeTarget "WhatsappClone_Settings" */ = {
			isa = XCConfigurationList;
			buildConfigurations = (
				776304EE2DA23348005237A5 /* Debug */,
				776304EF2DA23348005237A5 /* Release */,
			);
			defaultConfigurationIsVisible = 0;
			defaultConfigurationName = Release;
		};
		776304F22DA23348005237A5 /* Build configuration list for PBXNativeTarget "WhatsappClone_SettingsTests" */ = {
			isa = XCConfigurationList;
			buildConfigurations = (
				776304F32DA23348005237A5 /* Debug */,
				776304F42DA23348005237A5 /* Release */,
			);
			defaultConfigurationIsVisible = 0;
			defaultConfigurationName = Release;
		};
/* End XCConfigurationList section */
	};
	rootObject = 776304D12DA23348005237A5 /* Project object */;
}
